
Microsoft Visual Studio Solution File, Format Version 12.00
# Visual Studio 15
VisualStudioVersion = 15.0.27004.2008
MinimumVisualStudioVersion = 10.0.40219.1
Project("{FAE04EC0-301F-11D3-BF4B-00C04F79EFBC}") = "RemoteDesktopClient", "RemoteControl\RemoteDesktopClient.csproj", "{D8E519CD-8501-43D3-B0C7-29A5D638723B}"
EndProject
Project("{FAE04EC0-301F-11D3-BF4B-00C04F79EFBC}") = "RemoteDesktopServer", "RemoteDesktopServer\RemoteDesktopServer.csproj", "{A3843F2B-2ADA-4D1E-8EA0-16A567BAAA63}"
EndProject
Global
	GlobalSection(SolutionConfigurationPlatforms) = preSolution
		Debug|Any CPU = Debug|Any CPU
		Release|Any CPU = Release|Any CPU
	EndGlobalSection
	GlobalSection(ProjectConfigurationPlatforms) = postSolution
		{D8E519CD-8501-43D3-B0C7-29A5D638723B}.Debug|Any CPU.ActiveCfg = Debug|Any CPU
		{D8E519CD-8501-43D3-B0C7-29A5D638723B}.Debug|Any CPU.Build.0 = Debug|Any CPU
		{D8E519CD-8501-43D3-B0C7-29A5D638723B}.Release|Any CPU.ActiveCfg = Release|Any CPU
		{D8E519CD-8501-43D3-B0C7-29A5D638723B}.Release|Any CPU.Build.0 = Release|Any CPU
		{A3843F2B-2ADA-4D1E-8EA0-16A567BAAA63}.Debug|Any CPU.ActiveCfg = Debug|Any CPU
		{A3843F2B-2ADA-4D1E-8EA0-16A567BAAA63}.Debug|Any CPU.Build.0 = Debug|Any CPU
		{A3843F2B-2ADA-4D1E-8EA0-16A567BAAA63}.Release|Any CPU.ActiveCfg = Release|Any CPU
		{A3843F2B-2ADA-4D1E-8EA0-16A567BAAA63}.Release|Any CPU.Build.0 = Release|Any CPU
	EndGlobalSection
	GlobalSection(SolutionProperties) = preSolution
		HideSolutionNode = FALSE
	EndGlobalSection
	GlobalSection(ExtensibilityGlobals) = postSolution
		SolutionGuid = {0275DFFD-1645-4B74-A6A3-14F3339A3219}
	EndGlobalSection
EndGlobal
